
Microsoft Visual Studio Solution File, Format Version 12.00
# Visual Studio 15
VisualStudioVersion = 15.0.26730.12
MinimumVisualStudioVersion = 10.0.40219.1
Project("{FAE04EC0-301F-11D3-BF4B-00C04F79EFBC}") = "FEfinal", "FEfinal\FEfinal.csproj", "{0395345A-2E02-49C9-8E2E-1AD4622C521E}"
EndProject
Project("{FAE04EC0-301F-11D3-BF4B-00C04F79EFBC}") = "FEfinal.Tests", "FEfinal.Tests\FEfinal.Tests.csproj", "{51B2A6C9-63E8-4E74-823C-4954A8552A45}"
EndProject
Global
	GlobalSection(SolutionConfigurationPlatforms) = preSolution
		Debug|Any CPU = Debug|Any CPU
		Release|Any CPU = Release|Any CPU
	EndGlobalSection
	GlobalSection(ProjectConfigurationPlatforms) = postSolution
		{0395345A-2E02-49C9-8E2E-1AD4622C521E}.Debug|Any CPU.ActiveCfg = Debug|Any CPU
		{0395345A-2E02-49C9-8E2E-1AD4622C521E}.Debug|Any CPU.Build.0 = Debug|Any CPU
		{0395345A-2E02-49C9-8E2E-1AD4622C521E}.Release|Any CPU.ActiveCfg = Release|Any CPU
		{0395345A-2E02-49C9-8E2E-1AD4622C521E}.Release|Any CPU.Build.0 = Release|Any CPU
		{51B2A6C9-63E8-4E74-823C-4954A8552A45}.Debug|Any CPU.ActiveCfg = Debug|Any CPU
		{51B2A6C9-63E8-4E74-823C-4954A8552A45}.Debug|Any CPU.Build.0 = Debug|Any CPU
		{51B2A6C9-63E8-4E74-823C-4954A8552A45}.Release|Any CPU.ActiveCfg = Release|Any CPU
		{51B2A6C9-63E8-4E74-823C-4954A8552A45}.Release|Any CPU.Build.0 = Release|Any CPU
	EndGlobalSection
	GlobalSection(SolutionProperties) = preSolution
		HideSolutionNode = FALSE
	EndGlobalSection
	GlobalSection(ExtensibilityGlobals) = postSolution
		SolutionGuid = {B102C54F-66BE-49D6-8F74-8E0C2294DA8D}
	EndGlobalSection
EndGlobal
